// !$*UTF8*$!
{
	archiveVersion = 1;
	classes = {
	};
	objectVersion = 50;
	objects = {

/* Begin PBXBuildFile section */
		25FD0F486FD3A0D095307CA5 /* libPods-ZXCrashProtection.a in Frameworks */ = {isa = PBXBuildFile; fileRef = 10E987418060D6C001FE1AE7 /* libPods-ZXCrashProtection.a */; };
		9B0DC00F21913D77005639D3 /* KVOObserverInfo.m in Sources */ = {isa = PBXBuildFile; fileRef = 9B0DC00E21913D77005639D3 /* KVOObserverInfo.m */; };
		9B20409321885D000035BF29 /* NotificationTest.m in Sources */ = {isa = PBXBuildFile; fileRef = 9B20409221885D000035BF29 /* NotificationTest.m */; };
		9B86F7B4218A96D400BA447F /* ZXRecord.m in Sources */ = {isa = PBXBuildFile; fileRef = 9B86F787218A96D400BA447F /* ZXRecord.m */; };
		9B86F7B5218A96D400BA447F /* ZXKVODelegate.m in Sources */ = {isa = PBXBuildFile; fileRef = 9B86F78B218A96D400BA447F /* ZXKVODelegate.m */; };
		9B86F7B6218A96D400BA447F /* NSObject+KVO.m in Sources */ = {isa = PBXBuildFile; fileRef = 9B86F78C218A96D400BA447F /* NSObject+KVO.m */; };
		9B86F7B7218A96D400BA447F /* NSObject+Notification.m in Sources */ = {isa = PBXBuildFile; fileRef = 9B86F78E218A96D400BA447F /* NSObject+Notification.m */; };
		9B86F7B8218A96D400BA447F /* ZXNotificationDelegate.m in Sources */ = {isa = PBXBuildFile; fileRef = 9B86F790218A96D400BA447F /* ZXNotificationDelegate.m */; };
		9B86F7B9218A96D400BA447F /* NSTimer+CrashProtection.m in Sources */ = {isa = PBXBuildFile; fileRef = 9B86F794218A96D400BA447F /* NSTimer+CrashProtection.m */; };
		9B86F7BA218A96D400BA447F /* ZXStubObject.m in Sources */ = {isa = PBXBuildFile; fileRef = 9B86F797218A96D400BA447F /* ZXStubObject.m */; };
		9B86F7BB218A96D400BA447F /* NSObject+Unrecoginzed.m in Sources */ = {isa = PBXBuildFile; fileRef = 9B86F79A218A96D400BA447F /* NSObject+Unrecoginzed.m */; };
		9B86F7BC218A96D400BA447F /* ContainerCrashProtection.m in Sources */ = {isa = PBXBuildFile; fileRef = 9B86F79C218A96D400BA447F /* ContainerCrashProtection.m */; };
		9B86F7BD218A96D400BA447F /* NSCache+CrashProtection.m in Sources */ = {isa = PBXBuildFile; fileRef = 9B86F79F218A96D400BA447F /* NSCache+CrashProtection.m */; };
		9B86F7BE218A96D400BA447F /* NSNull+CrashProtection.m in Sources */ = {isa = PBXBuildFile; fileRef = 9B86F7A0218A96D400BA447F /* NSNull+CrashProtection.m */; };
		9B86F7BF218A96D400BA447F /* NSMutableArray+CrashProtection.m in Sources */ = {isa = PBXBuildFile; fileRef = 9B86F7A1218A96D400BA447F /* NSMutableArray+CrashProtection.m */; };
		9B86F7C0218A96D400BA447F /* NSArray+CrashProtection.m in Sources */ = {isa = PBXBuildFile; fileRef = 9B86F7A2218A96D400BA447F /* NSArray+CrashProtection.m */; };
		9B86F7C1218A96D400BA447F /* NSMutableDictionary+CrashProtection.m in Sources */ = {isa = PBXBuildFile; fileRef = 9B86F7A5218A96D400BA447F /* NSMutableDictionary+CrashProtection.m */; };
		9B86F7C2218A96D400BA447F /* NSDictionary+CrashProtection.m in Sources */ = {isa = PBXBuildFile; fileRef = 9B86F7A6218A96D400BA447F /* NSDictionary+CrashProtection.m */; };
		9B86F7C3218A96D400BA447F /* BaseStringSwizzleMethod.m in Sources */ = {isa = PBXBuildFile; fileRef = 9B86F7AC218A96D400BA447F /* BaseStringSwizzleMethod.m */; };
		9B86F7C4218A96D400BA447F /* NSMutableString+CrashProtection.m in Sources */ = {isa = PBXBuildFile; fileRef = 9B86F7AD218A96D400BA447F /* NSMutableString+CrashProtection.m */; };
		9B86F7C5218A96D400BA447F /* StringCrashProtection.m in Sources */ = {isa = PBXBuildFile; fileRef = 9B86F7B0218A96D400BA447F /* StringCrashProtection.m */; };
		9B86F7C6218A96D400BA447F /* NSString+CrashProtection.m in Sources */ = {isa = PBXBuildFile; fileRef = 9B86F7B2218A96D400BA447F /* NSString+CrashProtection.m */; };
		9B86F7C7218A96D400BA447F /* ZXCrashProtection.m in Sources */ = {isa = PBXBuildFile; fileRef = 9B86F7B3218A96D400BA447F /* ZXCrashProtection.m */; };
		9BEC9FCC217EBB2000C75780 /* AppDelegate.m in Sources */ = {isa = PBXBuildFile; fileRef = 9BEC9FCB217EBB2000C75780 /* AppDelegate.m */; };
		9BEC9FCF217EBB2000C75780 /* ViewController.m in Sources */ = {isa = PBXBuildFile; fileRef = 9BEC9FCE217EBB2000C75780 /* ViewController.m */; };
		9BEC9FD2217EBB2000C75780 /* Main.storyboard in Resources */ = {isa = PBXBuildFile; fileRef = 9BEC9FD0217EBB2000C75780 /* Main.storyboard */; };
		9BEC9FD4217EBB2200C75780 /* Assets.xcassets in Resources */ = {isa = PBXBuildFile; fileRef = 9BEC9FD3217EBB2200C75780 /* Assets.xcassets */; };
		9BEC9FD7217EBB2200C75780 /* LaunchScreen.storyboard in Resources */ = {isa = PBXBuildFile; fileRef = 9BEC9FD5217EBB2200C75780 /* LaunchScreen.storyboard */; };
		9BEC9FDA217EBB2200C75780 /* main.m in Sources */ = {isa = PBXBuildFile; fileRef = 9BEC9FD9217EBB2200C75780 /* main.m */; };
		9BECA01E2182ED7800C75780 /* KVOViewController.m in Sources */ = {isa = PBXBuildFile; fileRef = 9BECA01D2182ED7800C75780 /* KVOViewController.m */; };
/* End PBXBuildFile section */

/* Begin PBXFileReference section */
		10E987418060D6C001FE1AE7 /* libPods-ZXCrashProtection.a */ = {isa = PBXFileReference; explicitFileType = archive.ar; includeInIndex = 0; path = "libPods-ZXCrashProtection.a"; sourceTree = BUILT_PRODUCTS_DIR; };
		9B0DC00D21913D77005639D3 /* KVOObserverInfo.h */ = {isa = PBXFileReference; lastKnownFileType = sourcecode.c.h; path = KVOObserverInfo.h; sourceTree = "<group>"; };
		9B0DC00E21913D77005639D3 /* KVOObserverInfo.m */ = {isa = PBXFileReference; lastKnownFileType = sourcecode.c.objc; path = KVOObserverInfo.m; sourceTree = "<group>"; };
		9B20409121885D000035BF29 /* NotificationTest.h */ = {isa = PBXFileReference; lastKnownFileType = sourcecode.c.h; path = NotificationTest.h; sourceTree = "<group>"; };
		9B20409221885D000035BF29 /* NotificationTest.m */ = {isa = PBXFileReference; lastKnownFileType = sourcecode.c.objc; path = NotificationTest.m; sourceTree = "<group>"; };
		9B86F786218A96D400BA447F /* ZXRecord.h */ = {isa = PBXFileReference; fileEncoding = 4; lastKnownFileType = sourcecode.c.h; path = ZXRecord.h; sourceTree = "<group>"; };
		9B86F787218A96D400BA447F /* ZXRecord.m */ = {isa = PBXFileReference; fileEncoding = 4; lastKnownFileType = sourcecode.c.objc; path = ZXRecord.m; sourceTree = "<group>"; };
		9B86F789218A96D400BA447F /* ZXKVODelegate.h */ = {isa = PBXFileReference; fileEncoding = 4; lastKnownFileType = sourcecode.c.h; path = ZXKVODelegate.h; sourceTree = "<group>"; };
		9B86F78A218A96D400BA447F /* NSObject+KVO.h */ = {isa = PBXFileReference; fileEncoding = 4; lastKnownFileType = sourcecode.c.h; path = "NSObject+KVO.h"; sourceTree = "<group>"; };
		9B86F78B218A96D400BA447F /* ZXKVODelegate.m */ = {isa = PBXFileReference; fileEncoding = 4; lastKnownFileType = sourcecode.c.objc; path = ZXKVODelegate.m; sourceTree = "<group>"; };
		9B86F78C218A96D400BA447F /* NSObject+KVO.m */ = {isa = PBXFileReference; fileEncoding = 4; lastKnownFileType = sourcecode.c.objc; path = "NSObject+KVO.m"; sourceTree = "<group>"; };
		9B86F78E218A96D400BA447F /* NSObject+Notification.m */ = {isa = PBXFileReference; fileEncoding = 4; lastKnownFileType = sourcecode.c.objc; path = "NSObject+Notification.m"; sourceTree = "<group>"; };
		9B86F78F218A96D400BA447F /* ZXNotificationDelegate.h */ = {isa = PBXFileReference; fileEncoding = 4; lastKnownFileType = sourcecode.c.h; path = ZXNotificationDelegate.h; sourceTree = "<group>"; };
		9B86F790218A96D400BA447F /* ZXNotificationDelegate.m */ = {isa = PBXFileReference; fileEncoding = 4; lastKnownFileType = sourcecode.c.objc; path = ZXNotificationDelegate.m; sourceTree = "<group>"; };
		9B86F791218A96D400BA447F /* NSObject+Notification.h */ = {isa = PBXFileReference; fileEncoding = 4; lastKnownFileType = sourcecode.c.h; path = "NSObject+Notification.h"; sourceTree = "<group>"; };
		9B86F792218A96D400BA447F /* ZXCrashProtection.h */ = {isa = PBXFileReference; fileEncoding = 4; lastKnownFileType = sourcecode.c.h; path = ZXCrashProtection.h; sourceTree = "<group>"; };
		9B86F794218A96D400BA447F /* NSTimer+CrashProtection.m */ = {isa = PBXFileReference; fileEncoding = 4; lastKnownFileType = sourcecode.c.objc; path = "NSTimer+CrashProtection.m"; sourceTree = "<group>"; };
		9B86F795218A96D400BA447F /* NSTimer+CrashProtection.h */ = {isa = PBXFileReference; fileEncoding = 4; lastKnownFileType = sourcecode.c.h; path = "NSTimer+CrashProtection.h"; sourceTree = "<group>"; };
		9B86F797218A96D400BA447F /* ZXStubObject.m */ = {isa = PBXFileReference; fileEncoding = 4; lastKnownFileType = sourcecode.c.objc; path = ZXStubObject.m; sourceTree = "<group>"; };
		9B86F798218A96D400BA447F /* NSObject+Unrecoginzed.h */ = {isa = PBXFileReference; fileEncoding = 4; lastKnownFileType = sourcecode.c.h; path = "NSObject+Unrecoginzed.h"; sourceTree = "<group>"; };
		9B86F799218A96D400BA447F /* ZXStubObject.h */ = {isa = PBXFileReference; fileEncoding = 4; lastKnownFileType = sourcecode.c.h; path = ZXStubObject.h; sourceTree = "<group>"; };
		9B86F79A218A96D400BA447F /* NSObject+Unrecoginzed.m */ = {isa = PBXFileReference; fileEncoding = 4; lastKnownFileType = sourcecode.c.objc; path = "NSObject+Unrecoginzed.m"; sourceTree = "<group>"; };
		9B86F79C218A96D400BA447F /* ContainerCrashProtection.m */ = {isa = PBXFileReference; fileEncoding = 4; lastKnownFileType = sourcecode.c.objc; path = ContainerCrashProtection.m; sourceTree = "<group>"; };
		9B86F79D218A96D400BA447F /* NSDictionary+CrashProtection.h */ = {isa = PBXFileReference; fileEncoding = 4; lastKnownFileType = sourcecode.c.h; path = "NSDictionary+CrashProtection.h"; sourceTree = "<group>"; };
		9B86F79E218A96D400BA447F /* NSMutableDictionary+CrashProtection.h */ = {isa = PBXFileReference; fileEncoding = 4; lastKnownFileType = sourcecode.c.h; path = "NSMutableDictionary+CrashProtection.h"; sourceTree = "<group>"; };
		9B86F79F218A96D400BA447F /* NSCache+CrashProtection.m */ = {isa = PBXFileReference; fileEncoding = 4; lastKnownFileType = sourcecode.c.objc; path = "NSCache+CrashProtection.m"; sourceTree = "<group>"; };
		9B86F7A0218A96D400BA447F /* NSNull+CrashProtection.m */ = {isa = PBXFileReference; fileEncoding = 4; lastKnownFileType = sourcecode.c.objc; path = "NSNull+CrashProtection.m"; sourceTree = "<group>"; };
		9B86F7A1218A96D400BA447F /* NSMutableArray+CrashProtection.m */ = {isa = PBXFileReference; fileEncoding = 4; lastKnownFileType = sourcecode.c.objc; path = "NSMutableArray+CrashProtection.m"; sourceTree = "<group>"; };
		9B86F7A2218A96D400BA447F /* NSArray+CrashProtection.m */ = {isa = PBXFileReference; fileEncoding = 4; lastKnownFileType = sourcecode.c.objc; path = "NSArray+CrashProtection.m"; sourceTree = "<group>"; };
		9B86F7A3218A96D400BA447F /* NSNull+CrashProtection.h */ = {isa = PBXFileReference; fileEncoding = 4; lastKnownFileType = sourcecode.c.h; path = "NSNull+CrashProtection.h"; sourceTree = "<group>"; };
		9B86F7A4218A96D400BA447F /* NSCache+CrashProtection.h */ = {isa = PBXFileReference; fileEncoding = 4; lastKnownFileType = sourcecode.c.h; path = "NSCache+CrashProtection.h"; sourceTree = "<group>"; };
		9B86F7A5218A96D400BA447F /* NSMutableDictionary+CrashProtection.m */ = {isa = PBXFileReference; fileEncoding = 4; lastKnownFileType = sourcecode.c.objc; path = "NSMutableDictionary+CrashProtection.m"; sourceTree = "<group>"; };
		9B86F7A6218A96D400BA447F /* NSDictionary+CrashProtection.m */ = {isa = PBXFileReference; fileEncoding = 4; lastKnownFileType = sourcecode.c.objc; path = "NSDictionary+CrashProtection.m"; sourceTree = "<group>"; };
		9B86F7A7218A96D400BA447F /* ContainerCrashProtection.h */ = {isa = PBXFileReference; fileEncoding = 4; lastKnownFileType = sourcecode.c.h; path = ContainerCrashProtection.h; sourceTree = "<group>"; };
		9B86F7A8218A96D400BA447F /* NSMutableArray+CrashProtection.h */ = {isa = PBXFileReference; fileEncoding = 4; lastKnownFileType = sourcecode.c.h; path = "NSMutableArray+CrashProtection.h"; sourceTree = "<group>"; };
		9B86F7A9218A96D400BA447F /* NSArray+CrashProtection.h */ = {isa = PBXFileReference; fileEncoding = 4; lastKnownFileType = sourcecode.c.h; path = "NSArray+CrashProtection.h"; sourceTree = "<group>"; };
		9B86F7AB218A96D400BA447F /* StringCrashProtection.h */ = {isa = PBXFileReference; fileEncoding = 4; lastKnownFileType = sourcecode.c.h; path = StringCrashProtection.h; sourceTree = "<group>"; };
		9B86F7AC218A96D400BA447F /* BaseStringSwizzleMethod.m */ = {isa = PBXFileReference; fileEncoding = 4; lastKnownFileType = sourcecode.c.objc; path = BaseStringSwizzleMethod.m; sourceTree = "<group>"; };
		9B86F7AD218A96D400BA447F /* NSMutableString+CrashProtection.m */ = {isa = PBXFileReference; fileEncoding = 4; lastKnownFileType = sourcecode.c.objc; path = "NSMutableString+CrashProtection.m"; sourceTree = "<group>"; };
		9B86F7AE218A96D400BA447F /* NSString+CrashProtection.h */ = {isa = PBXFileReference; fileEncoding = 4; lastKnownFileType = sourcecode.c.h; path = "NSString+CrashProtection.h"; sourceTree = "<group>"; };
		9B86F7AF218A96D400BA447F /* BaseStringSwizzleMethod.h */ = {isa = PBXFileReference; fileEncoding = 4; lastKnownFileType = sourcecode.c.h; path = BaseStringSwizzleMethod.h; sourceTree = "<group>"; };
		9B86F7B0218A96D400BA447F /* StringCrashProtection.m */ = {isa = PBXFileReference; fileEncoding = 4; lastKnownFileType = sourcecode.c.objc; path = StringCrashProtection.m; sourceTree = "<group>"; };
		9B86F7B1218A96D400BA447F /* NSMutableString+CrashProtection.h */ = {isa = PBXFileReference; fileEncoding = 4; lastKnownFileType = sourcecode.c.h; path = "NSMutableString+CrashProtection.h"; sourceTree = "<group>"; };
		9B86F7B2218A96D400BA447F /* NSString+CrashProtection.m */ = {isa = PBXFileReference; fileEncoding = 4; lastKnownFileType = sourcecode.c.objc; path = "NSString+CrashProtection.m"; sourceTree = "<group>"; };
		9B86F7B3218A96D400BA447F /* ZXCrashProtection.m */ = {isa = PBXFileReference; fileEncoding = 4; lastKnownFileType = sourcecode.c.objc; path = ZXCrashProtection.m; sourceTree = "<group>"; };
		9BEC9FC7217EBB2000C75780 /* ZXCrashProtection.app */ = {isa = PBXFileReference; explicitFileType = wrapper.application; includeInIndex = 0; path = ZXCrashProtection.app; sourceTree = BUILT_PRODUCTS_DIR; };
		9BEC9FCA217EBB2000C75780 /* AppDelegate.h */ = {isa = PBXFileReference; lastKnownFileType = sourcecode.c.h; path = AppDelegate.h; sourceTree = "<group>"; };
		9BEC9FCB217EBB2000C75780 /* AppDelegate.m */ = {isa = PBXFileReference; lastKnownFileType = sourcecode.c.objc; path = AppDelegate.m; sourceTree = "<group>"; };
		9BEC9FCD217EBB2000C75780 /* ViewController.h */ = {isa = PBXFileReference; lastKnownFileType = sourcecode.c.h; path = ViewController.h; sourceTree = "<group>"; };
		9BEC9FCE217EBB2000C75780 /* ViewController.m */ = {isa = PBXFileReference; lastKnownFileType = sourcecode.c.objc; path = ViewController.m; sourceTree = "<group>"; };
		9BEC9FD1217EBB2000C75780 /* Base */ = {isa = PBXFileReference; lastKnownFileType = file.storyboard; name = Base; path = Base.lproj/Main.storyboard; sourceTree = "<group>"; };
		9BEC9FD3217EBB2200C75780 /* Assets.xcassets */ = {isa = PBXFileReference; lastKnownFileType = folder.assetcatalog; path = Assets.xcassets; sourceTree = "<group>"; };
		9BEC9FD6217EBB2200C75780 /* Base */ = {isa = PBXFileReference; lastKnownFileType = file.storyboard; name = Base; path = Base.lproj/LaunchScreen.storyboard; sourceTree = "<group>"; };
		9BEC9FD8217EBB2200C75780 /* Info.plist */ = {isa = PBXFileReference; lastKnownFileType = text.plist.xml; path = Info.plist; sourceTree = "<group>"; };
		9BEC9FD9217EBB2200C75780 /* main.m */ = {isa = PBXFileReference; lastKnownFileType = sourcecode.c.objc; path = main.m; sourceTree = "<group>"; };
		9BECA01C2182ED7800C75780 /* KVOViewController.h */ = {isa = PBXFileReference; lastKnownFileType = sourcecode.c.h; path = KVOViewController.h; sourceTree = "<group>"; };
		9BECA01D2182ED7800C75780 /* KVOViewController.m */ = {isa = PBXFileReference; lastKnownFileType = sourcecode.c.objc; path = KVOViewController.m; sourceTree = "<group>"; };
		A87F71A11F97628381B1D8E4 /* Pods-ZXCrashProtection.release.xcconfig */ = {isa = PBXFileReference; includeInIndex = 1; lastKnownFileType = text.xcconfig; name = "Pods-ZXCrashProtection.release.xcconfig"; path = "Pods/Target Support Files/Pods-ZXCrashProtection/Pods-ZXCrashProtection.release.xcconfig"; sourceTree = "<group>"; };
		D3B27DE679F895EF9B921C9A /* Pods-ZXCrashProtection.debug.xcconfig */ = {isa = PBXFileReference; includeInIndex = 1; lastKnownFileType = text.xcconfig; name = "Pods-ZXCrashProtection.debug.xcconfig"; path = "Pods/Target Support Files/Pods-ZXCrashProtection/Pods-ZXCrashProtection.debug.xcconfig"; sourceTree = "<group>"; };
/* End PBXFileReference section */

/* Begin PBXFrameworksBuildPhase section */
		9BEC9FC4217EBB2000C75780 /* Frameworks */ = {
			isa = PBXFrameworksBuildPhase;
			buildActionMask = 2147483647;
			files = (
				25FD0F486FD3A0D095307CA5 /* libPods-ZXCrashProtection.a in Frameworks */,
			);
			runOnlyForDeploymentPostprocessing = 0;
		};
/* End PBXFrameworksBuildPhase section */

/* Begin PBXGroup section */
		1ECC6A3ECDBFEBB8C4C17EBC /* Frameworks */ = {
			isa = PBXGroup;
			children = (
				10E987418060D6C001FE1AE7 /* libPods-ZXCrashProtection.a */,
			);
			name = Frameworks;
			sourceTree = "<group>";
		};
		9B86F784218A96D400BA447F /* Class */ = {
			isa = PBXGroup;
			children = (
				9B86F792218A96D400BA447F /* ZXCrashProtection.h */,
				9B86F7B3218A96D400BA447F /* ZXCrashProtection.m */,
				9B86F785218A96D400BA447F /* Record */,
				9B86F788218A96D400BA447F /* KVO */,
				9B86F78D218A96D400BA447F /* Notification */,
				9B86F793218A96D400BA447F /* Timer */,
				9B86F796218A96D400BA447F /* Unrecognized */,
				9B86F79B218A96D400BA447F /* Container */,
				9B86F7AA218A96D400BA447F /* String */,
			);
			path = Class;
			sourceTree = "<group>";
		};
		9B86F785218A96D400BA447F /* Record */ = {
			isa = PBXGroup;
			children = (
				9B86F786218A96D400BA447F /* ZXRecord.h */,
				9B86F787218A96D400BA447F /* ZXRecord.m */,
			);
			path = Record;
			sourceTree = "<group>";
		};
		9B86F788218A96D400BA447F /* KVO */ = {
			isa = PBXGroup;
			children = (
				9B86F789218A96D400BA447F /* ZXKVODelegate.h */,
				9B86F78A218A96D400BA447F /* NSObject+KVO.h */,
				9B86F78B218A96D400BA447F /* ZXKVODelegate.m */,
				9B86F78C218A96D400BA447F /* NSObject+KVO.m */,
				9B0DC00D21913D77005639D3 /* KVOObserverInfo.h */,
				9B0DC00E21913D77005639D3 /* KVOObserverInfo.m */,
			);
			path = KVO;
			sourceTree = "<group>";
		};
		9B86F78D218A96D400BA447F /* Notification */ = {
			isa = PBXGroup;
			children = (
				9B86F78E218A96D400BA447F /* NSObject+Notification.m */,
				9B86F78F218A96D400BA447F /* ZXNotificationDelegate.h */,
				9B86F790218A96D400BA447F /* ZXNotificationDelegate.m */,
				9B86F791218A96D400BA447F /* NSObject+Notification.h */,
			);
			path = Notification;
			sourceTree = "<group>";
		};
		9B86F793218A96D400BA447F /* Timer */ = {
			isa = PBXGroup;
			children = (
				9B86F794218A96D400BA447F /* NSTimer+CrashProtection.m */,
				9B86F795218A96D400BA447F /* NSTimer+CrashProtection.h */,
			);
			path = Timer;
			sourceTree = "<group>";
		};
		9B86F796218A96D400BA447F /* Unrecognized */ = {
			isa = PBXGroup;
			children = (
				9B86F797218A96D400BA447F /* ZXStubObject.m */,
				9B86F798218A96D400BA447F /* NSObject+Unrecoginzed.h */,
				9B86F799218A96D400BA447F /* ZXStubObject.h */,
				9B86F79A218A96D400BA447F /* NSObject+Unrecoginzed.m */,
			);
			path = Unrecognized;
			sourceTree = "<group>";
		};
		9B86F79B218A96D400BA447F /* Container */ = {
			isa = PBXGroup;
			children = (
				9B86F79C218A96D400BA447F /* ContainerCrashProtection.m */,
				9B86F79D218A96D400BA447F /* NSDictionary+CrashProtection.h */,
				9B86F79E218A96D400BA447F /* NSMutableDictionary+CrashProtection.h */,
				9B86F79F218A96D400BA447F /* NSCache+CrashProtection.m */,
				9B86F7A0218A96D400BA447F /* NSNull+CrashProtection.m */,
				9B86F7A1218A96D400BA447F /* NSMutableArray+CrashProtection.m */,
				9B86F7A2218A96D400BA447F /* NSArray+CrashProtection.m */,
				9B86F7A3218A96D400BA447F /* NSNull+CrashProtection.h */,
				9B86F7A4218A96D400BA447F /* NSCache+CrashProtection.h */,
				9B86F7A5218A96D400BA447F /* NSMutableDictionary+CrashProtection.m */,
				9B86F7A6218A96D400BA447F /* NSDictionary+CrashProtection.m */,
				9B86F7A7218A96D400BA447F /* ContainerCrashProtection.h */,
				9B86F7A8218A96D400BA447F /* NSMutableArray+CrashProtection.h */,
				9B86F7A9218A96D400BA447F /* NSArray+CrashProtection.h */,
			);
			path = Container;
			sourceTree = "<group>";
		};
		9B86F7AA218A96D400BA447F /* String */ = {
			isa = PBXGroup;
			children = (
				9B86F7AB218A96D400BA447F /* StringCrashProtection.h */,
				9B86F7AC218A96D400BA447F /* BaseStringSwizzleMethod.m */,
				9B86F7AD218A96D400BA447F /* NSMutableString+CrashProtection.m */,
				9B86F7AE218A96D400BA447F /* NSString+CrashProtection.h */,
				9B86F7AF218A96D400BA447F /* BaseStringSwizzleMethod.h */,
				9B86F7B0218A96D400BA447F /* StringCrashProtection.m */,
				9B86F7B1218A96D400BA447F /* NSMutableString+CrashProtection.h */,
				9B86F7B2218A96D400BA447F /* NSString+CrashProtection.m */,
			);
			path = String;
			sourceTree = "<group>";
		};
		9BEC9FBE217EBB2000C75780 = {
			isa = PBXGroup;
			children = (
				9BEC9FC9217EBB2000C75780 /* ZXCrashProtection */,
				9BEC9FC8217EBB2000C75780 /* Products */,
				CF0412C14E59CD7FC3372FD2 /* Pods */,
				1ECC6A3ECDBFEBB8C4C17EBC /* Frameworks */,
			);
			sourceTree = "<group>";
		};
		9BEC9FC8217EBB2000C75780 /* Products */ = {
			isa = PBXGroup;
			children = (
				9BEC9FC7217EBB2000C75780 /* ZXCrashProtection.app */,
			);
			name = Products;
			sourceTree = "<group>";
		};
		9BEC9FC9217EBB2000C75780 /* ZXCrashProtection */ = {
			isa = PBXGroup;
			children = (
				9B86F784218A96D400BA447F /* Class */,
				9BEC9FCA217EBB2000C75780 /* AppDelegate.h */,
				9BEC9FCB217EBB2000C75780 /* AppDelegate.m */,
				9BECA01C2182ED7800C75780 /* KVOViewController.h */,
				9BECA01D2182ED7800C75780 /* KVOViewController.m */,
				9B20409121885D000035BF29 /* NotificationTest.h */,
				9B20409221885D000035BF29 /* NotificationTest.m */,
				9BEC9FCD217EBB2000C75780 /* ViewController.h */,
				9BEC9FCE217EBB2000C75780 /* ViewController.m */,
				9BEC9FD0217EBB2000C75780 /* Main.storyboard */,
				9BEC9FD3217EBB2200C75780 /* Assets.xcassets */,
				9BEC9FD5217EBB2200C75780 /* LaunchScreen.storyboard */,
				9BEC9FD8217EBB2200C75780 /* Info.plist */,
				9BEC9FD9217EBB2200C75780 /* main.m */,
			);
			path = ZXCrashProtection;
			sourceTree = "<group>";
		};
		CF0412C14E59CD7FC3372FD2 /* Pods */ = {
			isa = PBXGroup;
			children = (
				D3B27DE679F895EF9B921C9A /* Pods-ZXCrashProtection.debug.xcconfig */,
				A87F71A11F97628381B1D8E4 /* Pods-ZXCrashProtection.release.xcconfig */,
			);
			name = Pods;
			sourceTree = "<group>";
		};
/* End PBXGroup section */

/* Begin PBXNativeTarget section */
		9BEC9FC6217EBB2000C75780 /* ZXCrashProtection */ = {
			isa = PBXNativeTarget;
			buildConfigurationList = 9BEC9FDD217EBB2200C75780 /* Build configuration list for PBXNativeTarget "ZXCrashProtection" */;
			buildPhases = (
				79C25B792927AC16E86E7F47 /* [CP] Check Pods Manifest.lock */,
				9BEC9FC3217EBB2000C75780 /* Sources */,
				9BEC9FC4217EBB2000C75780 /* Frameworks */,
				9BEC9FC5217EBB2000C75780 /* Resources */,
			);
			buildRules = (
			);
			dependencies = (
			);
			name = ZXCrashProtection;
			productName = ZXCrashProtection;
			productReference = 9BEC9FC7217EBB2000C75780 /* ZXCrashProtection.app */;
			productType = "com.apple.product-type.application";
		};
/* End PBXNativeTarget section */

/* Begin PBXProject section */
		9BEC9FBF217EBB2000C75780 /* Project object */ = {
			isa = PBXProject;
			attributes = {
				LastUpgradeCheck = 1000;
				ORGANIZATIONNAME = CRM;
				TargetAttributes = {
					9BEC9FC6217EBB2000C75780 = {
						CreatedOnToolsVersion = 10.0;
					};
				};
			};
			buildConfigurationList = 9BEC9FC2217EBB2000C75780 /* Build configuration list for PBXProject "ZXCrashProtection" */;
			compatibilityVersion = "Xcode 9.3";
			developmentRegion = en;
			hasScannedForEncodings = 0;
			knownRegions = (
				en,
				Base,
			);
			mainGroup = 9BEC9FBE217EBB2000C75780;
			productRefGroup = 9BEC9FC8217EBB2000C75780 /* Products */;
			projectDirPath = "";
			projectRoot = "";
			targets = (
				9BEC9FC6217EBB2000C75780 /* ZXCrashProtection */,
			);
		};
/* End PBXProject section */

/* Begin PBXResourcesBuildPhase section */
		9BEC9FC5217EBB2000C75780 /* Resources */ = {
			isa = PBXResourcesBuildPhase;
			buildActionMask = 2147483647;
			files = (
				9BEC9FD7217EBB2200C75780 /* LaunchScreen.storyboard in Resources */,
				9BEC9FD4217EBB2200C75780 /* Assets.xcassets in Resources */,
				9BEC9FD2217EBB2000C75780 /* Main.storyboard in Resources */,
			);
			runOnlyForDeploymentPostprocessing = 0;
		};
/* End PBXResourcesBuildPhase section */

/* Begin PBXShellScriptBuildPhase section */
		79C25B792927AC16E86E7F47 /* [CP] Check Pods Manifest.lock */ = {
			isa = PBXShellScriptBuildPhase;
			buildActionMask = 2147483647;
			files = (
			);
			inputPaths = (
				"${PODS_PODFILE_DIR_PATH}/Podfile.lock",
				"${PODS_ROOT}/Manifest.lock",
			);
			name = "[CP] Check Pods Manifest.lock";
			outputPaths = (
				"$(DERIVED_FILE_DIR)/Pods-ZXCrashProtection-checkManifestLockResult.txt",
			);
			runOnlyForDeploymentPostprocessing = 0;
			shellPath = /bin/sh;
			shellScript = "diff \"${PODS_PODFILE_DIR_PATH}/Podfile.lock\" \"${PODS_ROOT}/Manifest.lock\" > /dev/null\nif [ $? != 0 ] ; then\n    # print error to STDERR\n    echo \"error: The sandbox is not in sync with the Podfile.lock. Run 'pod install' or update your CocoaPods installation.\" >&2\n    exit 1\nfi\n# This output is used by Xcode 'outputs' to avoid re-running this script phase.\necho \"SUCCESS\" > \"${SCRIPT_OUTPUT_FILE_0}\"\n";
			showEnvVarsInLog = 0;
		};
/* End PBXShellScriptBuildPhase section */

/* Begin PBXSourcesBuildPhase section */
		9BEC9FC3217EBB2000C75780 /* Sources */ = {
			isa = PBXSourcesBuildPhase;
			buildActionMask = 2147483647;
			files = (
				9B86F7BD218A96D400BA447F /* NSCache+CrashProtection.m in Sources */,
				9B86F7C4218A96D400BA447F /* NSMutableString+CrashProtection.m in Sources */,
				9B86F7C5218A96D400BA447F /* StringCrashProtection.m in Sources */,
				9B86F7C7218A96D400BA447F /* ZXCrashProtection.m in Sources */,
				9BEC9FCF217EBB2000C75780 /* ViewController.m in Sources */,
				9B86F7BE218A96D400BA447F /* NSNull+CrashProtection.m in Sources */,
				9B86F7C0218A96D400BA447F /* NSArray+CrashProtection.m in Sources */,
				9B86F7B5218A96D400BA447F /* ZXKVODelegate.m in Sources */,
				9BECA01E2182ED7800C75780 /* KVOViewController.m in Sources */,
				9BEC9FDA217EBB2200C75780 /* main.m in Sources */,
				9B0DC00F21913D77005639D3 /* KVOObserverInfo.m in Sources */,
				9B86F7BA218A96D400BA447F /* ZXStubObject.m in Sources */,
				9B86F7B7218A96D400BA447F /* NSObject+Notification.m in Sources */,
				9B86F7B6218A96D400BA447F /* NSObject+KVO.m in Sources */,
				9B86F7BB218A96D400BA447F /* NSObject+Unrecoginzed.m in Sources */,
				9B86F7C1218A96D400BA447F /* NSMutableDictionary+CrashProtection.m in Sources */,
				9B20409321885D000035BF29 /* NotificationTest.m in Sources */,
				9B86F7B4218A96D400BA447F /* ZXRecord.m in Sources */,
				9B86F7C6218A96D400BA447F /* NSString+CrashProtection.m in Sources */,
				9B86F7BC218A96D400BA447F /* ContainerCrashProtection.m in Sources */,
				9B86F7B9218A96D400BA447F /* NSTimer+CrashProtection.m in Sources */,
				9BEC9FCC217EBB2000C75780 /* AppDelegate.m in Sources */,
				9B86F7BF218A96D400BA447F /* NSMutableArray+CrashProtection.m in Sources */,
				9B86F7B8218A96D400BA447F /* ZXNotificationDelegate.m in Sources */,
				9B86F7C2218A96D400BA447F /* NSDictionary+CrashProtection.m in Sources */,
				9B86F7C3218A96D400BA447F /* BaseStringSwizzleMethod.m in Sources */,
			);
			runOnlyForDeploymentPostprocessing = 0;
		};
/* End PBXSourcesBuildPhase section */

/* Begin PBXVariantGroup section */
		9BEC9FD0217EBB2000C75780 /* Main.storyboard */ = {
			isa = PBXVariantGroup;
			children = (
				9BEC9FD1217EBB2000C75780 /* Base */,
			);
			name = Main.storyboard;
			sourceTree = "<group>";
		};
		9BEC9FD5217EBB2200C75780 /* LaunchScreen.storyboard */ = {
			isa = PBXVariantGroup;
			children = (
				9BEC9FD6217EBB2200C75780 /* Base */,
			);
			name = LaunchScreen.storyboard;
			sourceTree = "<group>";
		};
/* End PBXVariantGroup section */

/* Begin XCBuildConfiguration section */
		9BEC9FDB217EBB2200C75780 /* Debug */ = {
			isa = XCBuildConfiguration;
			buildSettings = {
				ALWAYS_SEARCH_USER_PATHS = NO;
				CLANG_ANALYZER_NONNULL = YES;
				CLANG_ANALYZER_NUMBER_OBJECT_CONVERSION = YES_AGGRESSIVE;
				CLANG_CXX_LANGUAGE_STANDARD = "gnu++14";
				CLANG_CXX_LIBRARY = "libc++";
				CLANG_ENABLE_MODULES = YES;
				CLANG_ENABLE_OBJC_ARC = YES;
				CLANG_ENABLE_OBJC_WEAK = YES;
				CLANG_WARN_BLOCK_CAPTURE_AUTORELEASING = YES;
				CLANG_WARN_BOOL_CONVERSION = YES;
				CLANG_WARN_COMMA = YES;
				CLANG_WARN_CONSTANT_CONVERSION = YES;
				CLANG_WARN_DEPRECATED_OBJC_IMPLEMENTATIONS = YES;
				CLANG_WARN_DIRECT_OBJC_ISA_USAGE = YES_ERROR;
				CLANG_WARN_DOCUMENTATION_COMMENTS = YES;
				CLANG_WARN_EMPTY_BODY = YES;
				CLANG_WARN_ENUM_CONVERSION = YES;
				CLANG_WARN_INFINITE_RECURSION = YES;
				CLANG_WARN_INT_CONVERSION = YES;
				CLANG_WARN_NON_LITERAL_NULL_CONVERSION = YES;
				CLANG_WARN_OBJC_IMPLICIT_RETAIN_SELF = YES;
				CLANG_WARN_OBJC_LITERAL_CONVERSION = YES;
				CLANG_WARN_OBJC_ROOT_CLASS = YES_ERROR;
				CLANG_WARN_RANGE_LOOP_ANALYSIS = YES;
				CLANG_WARN_STRICT_PROTOTYPES = YES;
				CLANG_WARN_SUSPICIOUS_MOVE = YES;
				CLANG_WARN_UNGUARDED_AVAILABILITY = YES_AGGRESSIVE;
				CLANG_WARN_UNREACHABLE_CODE = YES;
				CLANG_WARN__DUPLICATE_METHOD_MATCH = YES;
				CODE_SIGN_IDENTITY = "iPhone Developer";
				COPY_PHASE_STRIP = NO;
				DEBUG_INFORMATION_FORMAT = dwarf;
				ENABLE_STRICT_OBJC_MSGSEND = YES;
				ENABLE_TESTABILITY = YES;
				GCC_C_LANGUAGE_STANDARD = gnu11;
				GCC_DYNAMIC_NO_PIC = NO;
				GCC_NO_COMMON_BLOCKS = YES;
				GCC_OPTIMIZATION_LEVEL = 0;
				GCC_PREPROCESSOR_DEFINITIONS = (
					"DEBUG=1",
					"$(inherited)",
				);
				GCC_WARN_64_TO_32_BIT_CONVERSION = YES;
				GCC_WARN_ABOUT_RETURN_TYPE = YES_ERROR;
				GCC_WARN_UNDECLARED_SELECTOR = YES;
				GCC_WARN_UNINITIALIZED_AUTOS = YES_AGGRESSIVE;
				GCC_WARN_UNUSED_FUNCTION = YES;
				GCC_WARN_UNUSED_VARIABLE = YES;
				IPHONEOS_DEPLOYMENT_TARGET = 8.0;
				MTL_ENABLE_DEBUG_INFO = INCLUDE_SOURCE;
				MTL_FAST_MATH = YES;
				ONLY_ACTIVE_ARCH = YES;
				SDKROOT = iphoneos;
			};
			name = Debug;
		};
		9BEC9FDC217EBB2200C75780 /* Release */ = {
			isa = XCBuildConfiguration;
			buildSettings = {
				ALWAYS_SEARCH_USER_PATHS = NO;
				CLANG_ANALYZER_NONNULL = YES;
				CLANG_ANALYZER_NUMBER_OBJECT_CONVERSION = YES_AGGRESSIVE;
				CLANG_CXX_LANGUAGE_STANDARD = "gnu++14";
				CLANG_CXX_LIBRARY = "libc++";
				CLANG_ENABLE_MODULES = YES;
				CLANG_ENABLE_OBJC_ARC = YES;
				CLANG_ENABLE_OBJC_WEAK = YES;
				CLANG_WARN_BLOCK_CAPTURE_AUTORELEASING = YES;
				CLANG_WARN_BOOL_CONVERSION = YES;
				CLANG_WARN_COMMA = YES;
				CLANG_WARN_CONSTANT_CONVERSION = YES;
				CLANG_WARN_DEPRECATED_OBJC_IMPLEMENTATIONS = YES;
				CLANG_WARN_DIRECT_OBJC_ISA_USAGE = YES_ERROR;
				CLANG_WARN_DOCUMENTATION_COMMENTS = YES;
				CLANG_WARN_EMPTY_BODY = YES;
				CLANG_WARN_ENUM_CONVERSION = YES;
				CLANG_WARN_INFINITE_RECURSION = YES;
				CLANG_WARN_INT_CONVERSION = YES;
				CLANG_WARN_NON_LITERAL_NULL_CONVERSION = YES;
				CLANG_WARN_OBJC_IMPLICIT_RETAIN_SELF = YES;
				CLANG_WARN_OBJC_LITERAL_CONVERSION = YES;
				CLANG_WARN_OBJC_ROOT_CLASS = YES_ERROR;
				CLANG_WARN_RANGE_LOOP_ANALYSIS = YES;
				CLANG_WARN_STRICT_PROTOTYPES = YES;
				CLANG_WARN_SUSPICIOUS_MOVE = YES;
				CLANG_WARN_UNGUARDED_AVAILABILITY = YES_AGGRESSIVE;
				CLANG_WARN_UNREACHABLE_CODE = YES;
				CLANG_WARN__DUPLICATE_METHOD_MATCH = YES;
				CODE_SIGN_IDENTITY = "iPhone Developer";
				COPY_PHASE_STRIP = NO;
				DEBUG_INFORMATION_FORMAT = "dwarf-with-dsym";
				ENABLE_NS_ASSERTIONS = NO;
				ENABLE_STRICT_OBJC_MSGSEND = YES;
				GCC_C_LANGUAGE_STANDARD = gnu11;
				GCC_NO_COMMON_BLOCKS = YES;
				GCC_WARN_64_TO_32_BIT_CONVERSION = YES;
				GCC_WARN_ABOUT_RETURN_TYPE = YES_ERROR;
				GCC_WARN_UNDECLARED_SELECTOR = YES;
				GCC_WARN_UNINITIALIZED_AUTOS = YES_AGGRESSIVE;
				GCC_WARN_UNUSED_FUNCTION = YES;
				GCC_WARN_UNUSED_VARIABLE = YES;
				IPHONEOS_DEPLOYMENT_TARGET = 8.0;
				MTL_ENABLE_DEBUG_INFO = NO;
				MTL_FAST_MATH = YES;
				SDKROOT = iphoneos;
				VALIDATE_PRODUCT = YES;
			};
			name = Release;
		};
		9BEC9FDE217EBB2200C75780 /* Debug */ = {
			isa = XCBuildConfiguration;
			baseConfigurationReference = D3B27DE679F895EF9B921C9A /* Pods-ZXCrashProtection.debug.xcconfig */;
			buildSettings = {
				ASSETCATALOG_COMPILER_APPICON_NAME = AppIcon;
				CODE_SIGN_STYLE = Automatic;
				DEVELOPMENT_TEAM = QV894GZCV2;
				INFOPLIST_FILE = ZXCrashProtection/Info.plist;
				IPHONEOS_DEPLOYMENT_TARGET = 8.0;
				LD_RUNPATH_SEARCH_PATHS = (
					"$(inherited)",
					"@executable_path/Frameworks",
				);
				PRODUCT_BUNDLE_IDENTIFIER = com.weishi.ZXCrashProtection;
				PRODUCT_NAME = "$(TARGET_NAME)";
				TARGETED_DEVICE_FAMILY = "1,2";
			};
			name = Debug;
		};
		9BEC9FDF217EBB2200C75780 /* Release */ = {
			isa = XCBuildConfiguration;
			baseConfigurationReference = A87F71A11F97628381B1D8E4 /* Pods-ZXCrashProtection.release.xcconfig */;
			buildSettings = {
				ASSETCATALOG_COMPILER_APPICON_NAME = AppIcon;
				CODE_SIGN_STYLE = Automatic;
				DEVELOPMENT_TEAM = QV894GZCV2;
				INFOPLIST_FILE = ZXCrashProtection/Info.plist;
				IPHONEOS_DEPLOYMENT_TARGET = 8.0;
				LD_RUNPATH_SEARCH_PATHS = (
					"$(inherited)",
					"@executable_path/Frameworks",
				);
				PRODUCT_BUNDLE_IDENTIFIER = com.weishi.ZXCrashProtection;
				PRODUCT_NAME = "$(TARGET_NAME)";
				TARGETED_DEVICE_FAMILY = "1,2";
			};
			name = Release;
		};
/* End XCBuildConfiguration section */

/* Begin XCConfigurationList section */
		9BEC9FC2217EBB2000C75780 /* Build configuration list for PBXProject "ZXCrashProtection" */ = {
			isa = XCConfigurationList;
			buildConfigurations = (
				9BEC9FDB217EBB2200C75780 /* Debug */,
				9BEC9FDC217EBB2200C75780 /* Release */,
			);
			defaultConfigurationIsVisible = 0;
			defaultConfigurationName = Release;
		};
		9BEC9FDD217EBB2200C75780 /* Build configuration list for PBXNativeTarget "ZXCrashProtection" */ = {
			isa = XCConfigurationList;
			buildConfigurations = (
				9BEC9FDE217EBB2200C75780 /* Debug */,
				9BEC9FDF217EBB2200C75780 /* Release */,
			);
			defaultConfigurationIsVisible = 0;
			defaultConfigurationName = Release;
		};
/* End XCConfigurationList section */
	};
	rootObject = 9BEC9FBF217EBB2000C75780 /* Project object */;
}
